
Microsoft Visual Studio Solution File, Format Version 12.00
# Visual Studio Version 17
VisualStudioVersion = 17.8.34511.84
MinimumVisualStudioVersion = 10.0.40219.1
Project("{FAE04EC0-301F-11D3-BF4B-00C04F79EFBC}") = "SignalrChat.API", "SignalrChat.API.csproj", "{62ADEE64-22F4-41AF-994F-795B79393928}"
EndProject
Global
	GlobalSection(SolutionConfigurationPlatforms) = preSolution
		Debug|Any CPU = Debug|Any CPU
		Release|Any CPU = Release|Any CPU
	EndGlobalSection
	GlobalSection(ProjectConfigurationPlatforms) = postSolution
		{62ADEE64-22F4-41AF-994F-795B79393928}.Debug|Any CPU.ActiveCfg = Debug|Any CPU
		{62ADEE64-22F4-41AF-994F-795B79393928}.Debug|Any CPU.Build.0 = Debug|Any CPU
		{62ADEE64-22F4-41AF-994F-795B79393928}.Release|Any CPU.ActiveCfg = Release|Any CPU
		{62ADEE64-22F4-41AF-994F-795B79393928}.Release|Any CPU.Build.0 = Release|Any CPU
	EndGlobalSection
	GlobalSection(SolutionProperties) = preSolution
		HideSolutionNode = FALSE
	EndGlobalSection
	GlobalSection(ExtensibilityGlobals) = postSolution
		SolutionGuid = {06A807D7-F608-4E16-ABC4-5A5AC97FCAF1}
	EndGlobalSection
EndGlobal
